<?xml version="1.0" encoding="UTF-8" standalone="yes" ?>
<CodeBlocks_project_file>
	<FileVersion major="1" minor="6" />
	<Project>
		<Option title="glpbc" />
		<Option pch_mode="2" />
		<Option compiler="gcc" />
		<Build>
			<Target title="dbg">
				<Option output="bin/dbg/glpbc" prefix_auto="1" extension_auto="1" />
				<Option object_output="obj/dbg/" />
				<Option type="1" />
				<Option compiler="gcc" />
				<Option parameters="/home/haroldo/Dropbox/inst/miplibClique/air04.lp 1 1 300 3 1050 3 1" />
				<Compiler>
					<Add option="-g" />
					<Add option="-DDEBUG" />
				</Compiler>
			</Target>
			<Target title="opt">
				<Option output="bin/opt/glpbc" prefix_auto="1" extension_auto="1" />
				<Option object_output="obj/opt/" />
				<Option type="1" />
				<Option compiler="gcc" />
				<Option parameters="/home/haroldo/Dropbox/inst/miplibClique/t1717.lp 0 0 300 1 1050 4 1" />
				<Compiler>
					<Add option="-fexpensive-optimizations" />
					<Add option="-O2" />
					<Add option="-DNDEBUG" />
				</Compiler>
				<Linker>
					<Add option="-s" />
				</Linker>
			</Target>
		</Build>
		<Compiler>
			<Add option="-Wall" />
			<Add option="-ansi" />
			<Add directory="../include" />
			<Add directory="include" />
		</Compiler>
		<Linker>
			<Add library="m" />
			<Add library="glpk" />
		</Linker>
		<Unit filename="include/glp_hooks.h" />
		<Unit filename="src/glp_hooks.c">
			<Option compilerVar="CC" />
		</Unit>
		<Unit filename="src/glpbc.c">
			<Option compilerVar="CC" />
		</Unit>
		<Unit filename="src/separation_params.c">
			<Option compilerVar="CC" />
		</Unit>
		<Unit filename="../include/cgraph.h" />
		<Unit filename="../include/clique.h" />
		<Unit filename="../include/clique_extender.h" />
		<Unit filename="../include/conflict_discover.h" />
		<Unit filename="../include/grasp.h" />
		<Unit filename="../include/lp_callbacks.h" />
		<Unit filename="../include/memory.h" />
		<Unit filename="../include/separation_params.h" />
		<Unit filename="../include/strUtils.h" />
		<Unit filename="../include/vectormgm.h" />
		<Unit filename="../include/vint_set.h" />
		<Unit filename="../src/cgraph.c">
			<Option compilerVar="CC" />
		</Unit>
		<Unit filename="../src/clique.c">
			<Option compilerVar="CC" />
		</Unit>
		<Unit filename="../src/clique_extender.c">
			<Option compilerVar="CC" />
		</Unit>
		<Unit filename="../src/conflict_discover.c">
			<Option compilerVar="CC" />
		</Unit>
		<Unit filename="../src/grasp.c">
			<Option compilerVar="CC" />
		</Unit>
		<Unit filename="../src/lp_callbacks.c">
			<Option compilerVar="CC" />
		</Unit>
		<Unit filename="../src/memory.c">
			<Option compilerVar="CC" />
		</Unit>
		<Unit filename="../src/strUtils.c">
			<Option compilerVar="CC" />
		</Unit>
		<Unit filename="../src/vectormgm.c">
			<Option compilerVar="CC" />
		</Unit>
		<Unit filename="../src/vint_set.c">
			<Option compilerVar="CC" />
		</Unit>
		<Extensions>
			<DoxyBlocks>
				<comment_style block="0" line="0" />
				<doxyfile_project />
				<doxyfile_build />
				<doxyfile_warnings />
				<doxyfile_output />
				<doxyfile_dot />
				<general />
			</DoxyBlocks>
			<code_completion />
			<envvars />
			<debugger />
			<lib_finder disable_auto="1" />
		</Extensions>
	</Project>
</CodeBlocks_project_file>
