<?xml version="1.0" encoding="UTF-8" standalone="yes" ?>
<CodeBlocks_project_file>
	<FileVersion major="1" minor="6" />
	<Project>
		<Option title="cbcnps" />
		<Option compiler="gcc" />
		<Build>
			<Target title="dbg">
				<Option output="bin/dbg/cbcnps" prefix_auto="1" extension_auto="1" />
				<Option object_output="obj/dbg/" />
				<Option type="1" />
				<Option compiler="gcc" />
				<Option parameters="/home/haroldo/Dropbox/inst/miplibClique/air03.lp" />
				<Compiler>
					<Add option="-O0 -g3" />
					<Add option="-DDEBUG" />
				</Compiler>
			</Target>
			<Target title="opt">
				<Option output="bin/opt/cbcnps" prefix_auto="1" extension_auto="1" />
				<Option object_output="obj/opt/" />
				<Option type="1" />
				<Option compiler="gcc" />
				<Option parameters="/home/haroldo/Dropbox/inst/miplibClique/air03.lp" />
				<Compiler>
					<Add option="-fomit-frame-pointer" />
					<Add option="-fexpensive-optimizations" />
					<Add option="-O2" />
					<Add option="-DNDEBUG" />
				</Compiler>
				<Linker>
					<Add option="-s" />
				</Linker>
			</Target>
			<Target title="pg">
				<Option output="bin/pg/cbcnps" prefix_auto="1" extension_auto="1" />
				<Option object_output="obj/pg/" />
				<Option type="1" />
				<Option compiler="gcc" />
				<Option parameters="/home/haroldo/Dropbox/inst/miplibClique/air03.lp" />
				<Compiler>
					<Add option="-O" />
					<Add option="-pg" />
					<Add option="-g" />
					<Add option="-DNDEBUG" />
				</Compiler>
				<Linker>
					<Add option="-pg" />
				</Linker>
			</Target>
		</Build>
		<Compiler>
			<Add option="-Wall" />
			<Add option="-ansi" />
			<Add directory="../include" />
			<Add directory="include" />
		</Compiler>
		<Linker>
			<Add library="m" />
			<Add library="gfortran" />
			<Add library="coinlapack" />
			<Add library="coinblas" />
			<Add library="rt" />
			<Add library="CoinUtils" />
			<Add library="Osi" />
			<Add library="Clp" />
			<Add library="OsiClp" />
			<Add library="Cgl" />
			<Add library="Cbc" />
			<Add library="glpk" />
			<Add library="pthread" />
			<Add directory="/usr/lib/coin/" />
			<Add directory="/usr/lib/coin/ThirdParty/" />
		</Linker>
		<Unit filename="include/GreedyCliqueExtender.hpp" />
		<Unit filename="include/MIPSep.hpp" />
		<Unit filename="include/MSepEvent.hpp" />
		<Unit filename="include/cbc_hooks.hpp" />
		<Unit filename="include/mpIndex.hpp" />
		<Unit filename="include/mpName.hpp" />
		<Unit filename="src/GreedyCliqueExtender.cpp" />
		<Unit filename="src/MIPSep.cpp" />
		<Unit filename="src/MSepEvent.cpp" />
		<Unit filename="src/cbc_hooks.cpp" />
		<Unit filename="src/main.cpp" />
		<Unit filename="src/mpIndex.cpp" />
		<Unit filename="src/mpName.cpp" />
		<Unit filename="../src/cgraph.c">
			<Option compilerVar="CC" />
		</Unit>
		<Unit filename="../src/clique.c">
			<Option compilerVar="CC" />
		</Unit>
		<Unit filename="../src/conflict_discover.c">
			<Option compilerVar="CC" />
		</Unit>
		<Unit filename="../src/memory.c">
			<Option compilerVar="CC" />
		</Unit>
		<Unit filename="../src/strUtils.c">
			<Option compilerVar="CC" />
		</Unit>
		<Unit filename="../src/vectormgm.c">
			<Option compilerVar="CC" />
		</Unit>
		<Unit filename="../src/vint_set.c">
			<Option compilerVar="CC" />
		</Unit>
		<Extensions>
			<code_completion />
			<envvars />
			<debugger />
			<lib_finder disable_auto="1" />
		</Extensions>
	</Project>
</CodeBlocks_project_file>
