<?xml version="1.0" encoding="UTF-8" standalone="yes" ?>
<CodeBlocks_project_file>
	<FileVersion major="1" minor="6" />
	<Project>
		<Option title="cbcr" />
		<Option pch_mode="2" />
		<Option compiler="gcc" />
		<Build>
			<Target title="dbg">
				<Option output="bin/dbg/cbcr" prefix_auto="1" extension_auto="1" />
				<Option object_output="obj/dbg/" />
				<Option type="1" />
				<Option compiler="gcc" />
				<Option parameters="/home/haroldo/inst/miplib2010/bley_xl1.lp  -maxPasses=30" />
				<Compiler>
					<Add option="-O" />
					<Add option="-g" />
					<Add option="-DDEBUG" />
				</Compiler>
			</Target>
			<Target title="opt">
				<Option output="bin/opt/cbcr" prefix_auto="1" extension_auto="1" />
				<Option object_output="obj/opt/" />
				<Option type="1" />
				<Option compiler="gcc" />
				<Option parameters="/home/haroldo/inst/miplib2010/bley_xl1.lp  -maxPasses=30" />
				<Compiler>
					<Add option="-O2" />
				</Compiler>
				<Linker>
					<Add option="-s" />
				</Linker>
			</Target>
		</Build>
		<Compiler>
			<Add option="-Wall" />
			<Add option="`pkg-config --cflags cbc`" />
			<Add directory="../src" />
			<Add directory="../cbc/src" />
			<Add directory="../Bron-Kerbosch" />
			<Add directory="../CglEClique" />
		</Compiler>
		<Linker>
			<Add option="-L/usr/lib64  -L/usr/lib64/gcc/x86_64-suse-linux/4.6 -L/usr/lib64/gcc/x86_64-suse-linux/4.6/../../../../lib64 -L/lib/../lib64 -L/usr/lib/../lib64 -L. -L/usr/lib64/gcc/x86_64-suse-linux/4.6/../../../../x86_64-suse-linux/lib -L/usr/lib64/gcc/x86_64-suse-linux/4.6/../../.. -lCbcSolver -lCbc -lCgl -lOsiClp -lClp -lOsi -lCoinUtils -ldl -lgmp -lcoinlapack -lcoinblas -lgfortran -lm  -lquadmath -lcoinglpk -lgzip -lbzip2 -static" />
			<Add directory="/opt/gurobi461/linux64/lib/" />
		</Linker>
		<Unit filename="../CglEClique/CglEClique.cpp" />
		<Unit filename="../CglEClique/CglEClique.hpp" />
		<Unit filename="../src/cgraph.c">
			<Option compilerVar="CC" />
		</Unit>
		<Unit filename="../src/clique.c">
			<Option compilerVar="CC" />
		</Unit>
		<Unit filename="../src/clique_enum.c">
			<Option compilerVar="CC" />
		</Unit>
		<Unit filename="../src/clique_extender.c">
			<Option compilerVar="CC" />
		</Unit>
		<Unit filename="../src/clique_separation.c">
			<Option compilerVar="CC" />
		</Unit>
		<Unit filename="../src/conflict_discover.c">
			<Option compilerVar="CC" />
		</Unit>
		<Unit filename="../src/grasp.c">
			<Option compilerVar="CC" />
		</Unit>
		<Unit filename="../src/memory.c">
			<Option compilerVar="CC" />
		</Unit>
		<Unit filename="../src/node_heap.c">
			<Option compilerVar="CC" />
		</Unit>
		<Unit filename="../src/vectormgm.c">
			<Option compilerVar="CC" />
		</Unit>
		<Unit filename="../src/vint_set.c">
			<Option compilerVar="CC" />
		</Unit>
		<Unit filename="BKGraph.cpp" />
		<Unit filename="BKGraph.hpp" />
		<Unit filename="BKVertex.cpp" />
		<Unit filename="BKVertex.hpp" />
		<Unit filename="bron_kerbosch.cpp" />
		<Unit filename="bron_kerbosch.h" />
		<Unit filename="cbcroot.cpp" />
		<Unit filename="oddhs.c">
			<Option compilerVar="CC" />
		</Unit>
		<Unit filename="oddhs.h" />
		<Unit filename="osi_cgraph.cpp" />
		<Unit filename="osi_cgraph.h" />
		<Unit filename="spaths.c">
			<Option compilerVar="CC" />
		</Unit>
		<Unit filename="spaths.h" />
		<Unit filename="strUtils.c">
			<Option compilerVar="CC" />
		</Unit>
		<Unit filename="strUtils.h" />
		<Extensions>
			<DoxyBlocks>
				<comment_style block="0" line="0" />
				<doxyfile_project />
				<doxyfile_build />
				<doxyfile_warnings />
				<doxyfile_output />
				<doxyfile_dot />
				<general />
			</DoxyBlocks>
			<code_completion />
			<envvars />
			<debugger />
			<lib_finder disable_auto="1" />
		</Extensions>
	</Project>
</CodeBlocks_project_file>
